
Microsoft Visual Studio Solution File, Format Version 12.00
# Visual Studio 15
VisualStudioVersion = 15.0.27130.2036
MinimumVisualStudioVersion = 10.0.40219.1
Project("{FAE04EC0-301F-11D3-BF4B-00C04F79EFBC}") = "thmart", "thmart\thmart.csproj", "{EDEE8FBA-B486-4166-9872-E7D9FC096753}"
EndProject
Global
	GlobalSection(SolutionConfigurationPlatforms) = preSolution
		Debug|Any CPU = Debug|Any CPU
		Release|Any CPU = Release|Any CPU
	EndGlobalSection
	GlobalSection(ProjectConfigurationPlatforms) = postSolution
		{EDEE8FBA-B486-4166-9872-E7D9FC096753}.Debug|Any CPU.ActiveCfg = Debug|Any CPU
		{EDEE8FBA-B486-4166-9872-E7D9FC096753}.Debug|Any CPU.Build.0 = Debug|Any CPU
		{EDEE8FBA-B486-4166-9872-E7D9FC096753}.Release|Any CPU.ActiveCfg = Release|Any CPU
		{EDEE8FBA-B486-4166-9872-E7D9FC096753}.Release|Any CPU.Build.0 = Release|Any CPU
	EndGlobalSection
	GlobalSection(SolutionProperties) = preSolution
		HideSolutionNode = FALSE
	EndGlobalSection
	GlobalSection(ExtensibilityGlobals) = postSolution
		SolutionGuid = {1C0A36A4-3D86-4893-BD68-F8B9A8B9F075}
	EndGlobalSection
EndGlobal
